
Microsoft Visual Studio Solution File, Format Version 12.00
# Visual Studio Version 17
VisualStudioVersion = 17.10.35027.167
MinimumVisualStudioVersion = 10.0.40219.1
Project("{9A19103F-16F7-4668-BE54-9A1E7A4F7556}") = "CarShop.Presentation", "src\CarShopApi\CarShop.API\CarShop.Presentation.csproj", "{6BB5614F-2CF7-442A-9DCB-B8AC5F7E5EDA}"
EndProject
Project("{9A19103F-16F7-4668-BE54-9A1E7A4F7556}") = "Shared", "src\CarShop.Shared\Shared.csproj", "{11CE1963-E6BF-4B7B-93D9-AE2F094D6A2A}"
EndProject
Project("{9A19103F-16F7-4668-BE54-9A1E7A4F7556}") = "CarShop.Domain", "src\CarShop.Domain\CarShop.Domain.csproj", "{CAEDF9F4-43D5-407F-A578-1735EBBE6382}"
EndProject
Project("{9A19103F-16F7-4668-BE54-9A1E7A4F7556}") = "CarShop.Application", "src\CarShopApi\CarShop.Application\CarShop.Application.csproj", "{58ABAF96-1545-4244-9F8A-C3C613C5B57B}"
EndProject
Project("{2150E333-8FDC-42A3-9474-1A3956D46DE8}") = "Solution Items", "Solution Items", "{D589CEF4-E330-4A7D-8D05-972D99CCB9B8}"
	ProjectSection(SolutionItems) = preProject
		.gitignore = .gitignore
	EndProjectSection
EndProject
Project("{2150E333-8FDC-42A3-9474-1A3956D46DE8}") = "tests", "tests", "{E2437D4E-774D-4B02-AA29-5C5043486E92}"
EndProject
Project("{2150E333-8FDC-42A3-9474-1A3956D46DE8}") = "src", "src", "{616B268C-65F7-477E-95B6-BF7666B9A265}"
EndProject
Project("{9A19103F-16F7-4668-BE54-9A1E7A4F7556}") = "CarShop.Application.Unit.Tests", "tests\CarShopApi\CarShop.Application.Unit.Tests\CarShop.Application.Unit.Tests.csproj", "{918AD197-307F-4B4F-B617-7B42BF204984}"
EndProject
Project("{9A19103F-16F7-4668-BE54-9A1E7A4F7556}") = "CarShop.Integration.Tests", "tests\CarShopApi\CarShop..Integration.Tests\CarShop.Integration.Tests.csproj", "{5E8B0EB6-3010-45F3-9A62-C33FDA2EBEAE}"
EndProject
Project("{2150E333-8FDC-42A3-9474-1A3956D46DE8}") = "CarShopApi", "CarShopApi", "{7D498930-83F4-446A-BD11-A1AD76A9DC0B}"
EndProject
Project("{9A19103F-16F7-4668-BE54-9A1E7A4F7556}") = "CarShop.Core", "src\CarShopApi\CarShop.Core\CarShop.Core.csproj", "{561987CA-6879-43AE-B27B-4F65362AD728}"
EndProject
Project("{2150E333-8FDC-42A3-9474-1A3956D46DE8}") = "CarShopApi", "CarShopApi", "{3A827E4F-F41E-4195-898D-311DEC4B340D}"
EndProject
Project("{2150E333-8FDC-42A3-9474-1A3956D46DE8}") = "CarShopNotifier", "CarShopNotifier", "{A7621699-F2E0-10B2-2B02-C606302B45B9}"
EndProject
Project("{FAE04EC0-301F-11D3-BF4B-00C04F79EFBC}") = "CarShopNotifier.Console", "src\CarShopNotifier\CarShopNotifier.Console\CarShopNotifier.Console.csproj", "{CAEC8FAE-8C70-4FD0-A78C-0322722AF6A5}"
EndProject
Project("{FAE04EC0-301F-11D3-BF4B-00C04F79EFBC}") = "CarShopNotifier.Application", "src\CarShopNotifier\CarShopNotifier.Application\CarShopNotifier.Application.csproj", "{803E6621-3A73-4C32-B3B2-31E4AF4281B4}"
EndProject
Project("{FAE04EC0-301F-11D3-BF4B-00C04F79EFBC}") = "CarShopNotifier.Core", "src\CarShopNotifier\CarShopNotifier.Core\CarShopNotifier.Core.csproj", "{67A91B54-5B83-415F-AD7A-491106ECE3E2}"
EndProject
Global
	GlobalSection(SolutionConfigurationPlatforms) = preSolution
		Debug|Any CPU = Debug|Any CPU
		Debug|x64 = Debug|x64
		Debug|x86 = Debug|x86
		Release|Any CPU = Release|Any CPU
		Release|x64 = Release|x64
		Release|x86 = Release|x86
	EndGlobalSection
	GlobalSection(ProjectConfigurationPlatforms) = postSolution
		{6BB5614F-2CF7-442A-9DCB-B8AC5F7E5EDA}.Debug|Any CPU.ActiveCfg = Debug|Any CPU
		{6BB5614F-2CF7-442A-9DCB-B8AC5F7E5EDA}.Debug|Any CPU.Build.0 = Debug|Any CPU
		{6BB5614F-2CF7-442A-9DCB-B8AC5F7E5EDA}.Debug|x64.ActiveCfg = Debug|Any CPU
		{6BB5614F-2CF7-442A-9DCB-B8AC5F7E5EDA}.Debug|x64.Build.0 = Debug|Any CPU
		{6BB5614F-2CF7-442A-9DCB-B8AC5F7E5EDA}.Debug|x86.ActiveCfg = Debug|Any CPU
		{6BB5614F-2CF7-442A-9DCB-B8AC5F7E5EDA}.Debug|x86.Build.0 = Debug|Any CPU
		{6BB5614F-2CF7-442A-9DCB-B8AC5F7E5EDA}.Release|Any CPU.ActiveCfg = Release|Any CPU
		{6BB5614F-2CF7-442A-9DCB-B8AC5F7E5EDA}.Release|Any CPU.Build.0 = Release|Any CPU
		{6BB5614F-2CF7-442A-9DCB-B8AC5F7E5EDA}.Release|x64.ActiveCfg = Release|Any CPU
		{6BB5614F-2CF7-442A-9DCB-B8AC5F7E5EDA}.Release|x64.Build.0 = Release|Any CPU
		{6BB5614F-2CF7-442A-9DCB-B8AC5F7E5EDA}.Release|x86.ActiveCfg = Release|Any CPU
		{6BB5614F-2CF7-442A-9DCB-B8AC5F7E5EDA}.Release|x86.Build.0 = Release|Any CPU
		{11CE1963-E6BF-4B7B-93D9-AE2F094D6A2A}.Debug|Any CPU.ActiveCfg = Debug|Any CPU
		{11CE1963-E6BF-4B7B-93D9-AE2F094D6A2A}.Debug|Any CPU.Build.0 = Debug|Any CPU
		{11CE1963-E6BF-4B7B-93D9-AE2F094D6A2A}.Debug|x64.ActiveCfg = Debug|Any CPU
		{11CE1963-E6BF-4B7B-93D9-AE2F094D6A2A}.Debug|x64.Build.0 = Debug|Any CPU
		{11CE1963-E6BF-4B7B-93D9-AE2F094D6A2A}.Debug|x86.ActiveCfg = Debug|Any CPU
		{11CE1963-E6BF-4B7B-93D9-AE2F094D6A2A}.Debug|x86.Build.0 = Debug|Any CPU
		{11CE1963-E6BF-4B7B-93D9-AE2F094D6A2A}.Release|Any CPU.ActiveCfg = Release|Any CPU
		{11CE1963-E6BF-4B7B-93D9-AE2F094D6A2A}.Release|Any CPU.Build.0 = Release|Any CPU
		{11CE1963-E6BF-4B7B-93D9-AE2F094D6A2A}.Release|x64.ActiveCfg = Release|Any CPU
		{11CE1963-E6BF-4B7B-93D9-AE2F094D6A2A}.Release|x64.Build.0 = Release|Any CPU
		{11CE1963-E6BF-4B7B-93D9-AE2F094D6A2A}.Release|x86.ActiveCfg = Release|Any CPU
		{11CE1963-E6BF-4B7B-93D9-AE2F094D6A2A}.Release|x86.Build.0 = Release|Any CPU
		{CAEDF9F4-43D5-407F-A578-1735EBBE6382}.Debug|Any CPU.ActiveCfg = Debug|Any CPU
		{CAEDF9F4-43D5-407F-A578-1735EBBE6382}.Debug|Any CPU.Build.0 = Debug|Any CPU
		{CAEDF9F4-43D5-407F-A578-1735EBBE6382}.Debug|x64.ActiveCfg = Debug|Any CPU
		{CAEDF9F4-43D5-407F-A578-1735EBBE6382}.Debug|x64.Build.0 = Debug|Any CPU
		{CAEDF9F4-43D5-407F-A578-1735EBBE6382}.Debug|x86.ActiveCfg = Debug|Any CPU
		{CAEDF9F4-43D5-407F-A578-1735EBBE6382}.Debug|x86.Build.0 = Debug|Any CPU
		{CAEDF9F4-43D5-407F-A578-1735EBBE6382}.Release|Any CPU.ActiveCfg = Release|Any CPU
		{CAEDF9F4-43D5-407F-A578-1735EBBE6382}.Release|Any CPU.Build.0 = Release|Any CPU
		{CAEDF9F4-43D5-407F-A578-1735EBBE6382}.Release|x64.ActiveCfg = Release|Any CPU
		{CAEDF9F4-43D5-407F-A578-1735EBBE6382}.Release|x64.Build.0 = Release|Any CPU
		{CAEDF9F4-43D5-407F-A578-1735EBBE6382}.Release|x86.ActiveCfg = Release|Any CPU
		{CAEDF9F4-43D5-407F-A578-1735EBBE6382}.Release|x86.Build.0 = Release|Any CPU
		{58ABAF96-1545-4244-9F8A-C3C613C5B57B}.Debug|Any CPU.ActiveCfg = Debug|Any CPU
		{58ABAF96-1545-4244-9F8A-C3C613C5B57B}.Debug|Any CPU.Build.0 = Debug|Any CPU
		{58ABAF96-1545-4244-9F8A-C3C613C5B57B}.Debug|x64.ActiveCfg = Debug|Any CPU
		{58ABAF96-1545-4244-9F8A-C3C613C5B57B}.Debug|x64.Build.0 = Debug|Any CPU
		{58ABAF96-1545-4244-9F8A-C3C613C5B57B}.Debug|x86.ActiveCfg = Debug|Any CPU
		{58ABAF96-1545-4244-9F8A-C3C613C5B57B}.Debug|x86.Build.0 = Debug|Any CPU
		{58ABAF96-1545-4244-9F8A-C3C613C5B57B}.Release|Any CPU.ActiveCfg = Release|Any CPU
		{58ABAF96-1545-4244-9F8A-C3C613C5B57B}.Release|Any CPU.Build.0 = Release|Any CPU
		{58ABAF96-1545-4244-9F8A-C3C613C5B57B}.Release|x64.ActiveCfg = Release|Any CPU
		{58ABAF96-1545-4244-9F8A-C3C613C5B57B}.Release|x64.Build.0 = Release|Any CPU
		{58ABAF96-1545-4244-9F8A-C3C613C5B57B}.Release|x86.ActiveCfg = Release|Any CPU
		{58ABAF96-1545-4244-9F8A-C3C613C5B57B}.Release|x86.Build.0 = Release|Any CPU
		{918AD197-307F-4B4F-B617-7B42BF204984}.Debug|Any CPU.ActiveCfg = Debug|Any CPU
		{918AD197-307F-4B4F-B617-7B42BF204984}.Debug|Any CPU.Build.0 = Debug|Any CPU
		{918AD197-307F-4B4F-B617-7B42BF204984}.Debug|x64.ActiveCfg = Debug|Any CPU
		{918AD197-307F-4B4F-B617-7B42BF204984}.Debug|x64.Build.0 = Debug|Any CPU
		{918AD197-307F-4B4F-B617-7B42BF204984}.Debug|x86.ActiveCfg = Debug|Any CPU
		{918AD197-307F-4B4F-B617-7B42BF204984}.Debug|x86.Build.0 = Debug|Any CPU
		{918AD197-307F-4B4F-B617-7B42BF204984}.Release|Any CPU.ActiveCfg = Release|Any CPU
		{918AD197-307F-4B4F-B617-7B42BF204984}.Release|Any CPU.Build.0 = Release|Any CPU
		{918AD197-307F-4B4F-B617-7B42BF204984}.Release|x64.ActiveCfg = Release|Any CPU
		{918AD197-307F-4B4F-B617-7B42BF204984}.Release|x64.Build.0 = Release|Any CPU
		{918AD197-307F-4B4F-B617-7B42BF204984}.Release|x86.ActiveCfg = Release|Any CPU
		{918AD197-307F-4B4F-B617-7B42BF204984}.Release|x86.Build.0 = Release|Any CPU
		{5E8B0EB6-3010-45F3-9A62-C33FDA2EBEAE}.Debug|Any CPU.ActiveCfg = Debug|Any CPU
		{5E8B0EB6-3010-45F3-9A62-C33FDA2EBEAE}.Debug|Any CPU.Build.0 = Debug|Any CPU
		{5E8B0EB6-3010-45F3-9A62-C33FDA2EBEAE}.Debug|x64.ActiveCfg = Debug|Any CPU
		{5E8B0EB6-3010-45F3-9A62-C33FDA2EBEAE}.Debug|x64.Build.0 = Debug|Any CPU
		{5E8B0EB6-3010-45F3-9A62-C33FDA2EBEAE}.Debug|x86.ActiveCfg = Debug|Any CPU
		{5E8B0EB6-3010-45F3-9A62-C33FDA2EBEAE}.Debug|x86.Build.0 = Debug|Any CPU
		{5E8B0EB6-3010-45F3-9A62-C33FDA2EBEAE}.Release|Any CPU.ActiveCfg = Release|Any CPU
		{5E8B0EB6-3010-45F3-9A62-C33FDA2EBEAE}.Release|Any CPU.Build.0 = Release|Any CPU
		{5E8B0EB6-3010-45F3-9A62-C33FDA2EBEAE}.Release|x64.ActiveCfg = Release|Any CPU
		{5E8B0EB6-3010-45F3-9A62-C33FDA2EBEAE}.Release|x64.Build.0 = Release|Any CPU
		{5E8B0EB6-3010-45F3-9A62-C33FDA2EBEAE}.Release|x86.ActiveCfg = Release|Any CPU
		{5E8B0EB6-3010-45F3-9A62-C33FDA2EBEAE}.Release|x86.Build.0 = Release|Any CPU
		{561987CA-6879-43AE-B27B-4F65362AD728}.Debug|Any CPU.ActiveCfg = Debug|Any CPU
		{561987CA-6879-43AE-B27B-4F65362AD728}.Debug|Any CPU.Build.0 = Debug|Any CPU
		{561987CA-6879-43AE-B27B-4F65362AD728}.Debug|x64.ActiveCfg = Debug|Any CPU
		{561987CA-6879-43AE-B27B-4F65362AD728}.Debug|x64.Build.0 = Debug|Any CPU
		{561987CA-6879-43AE-B27B-4F65362AD728}.Debug|x86.ActiveCfg = Debug|Any CPU
		{561987CA-6879-43AE-B27B-4F65362AD728}.Debug|x86.Build.0 = Debug|Any CPU
		{561987CA-6879-43AE-B27B-4F65362AD728}.Release|Any CPU.ActiveCfg = Release|Any CPU
		{561987CA-6879-43AE-B27B-4F65362AD728}.Release|Any CPU.Build.0 = Release|Any CPU
		{561987CA-6879-43AE-B27B-4F65362AD728}.Release|x64.ActiveCfg = Release|Any CPU
		{561987CA-6879-43AE-B27B-4F65362AD728}.Release|x64.Build.0 = Release|Any CPU
		{561987CA-6879-43AE-B27B-4F65362AD728}.Release|x86.ActiveCfg = Release|Any CPU
		{561987CA-6879-43AE-B27B-4F65362AD728}.Release|x86.Build.0 = Release|Any CPU
		{CAEC8FAE-8C70-4FD0-A78C-0322722AF6A5}.Debug|Any CPU.ActiveCfg = Debug|Any CPU
		{CAEC8FAE-8C70-4FD0-A78C-0322722AF6A5}.Debug|Any CPU.Build.0 = Debug|Any CPU
		{CAEC8FAE-8C70-4FD0-A78C-0322722AF6A5}.Debug|x64.ActiveCfg = Debug|Any CPU
		{CAEC8FAE-8C70-4FD0-A78C-0322722AF6A5}.Debug|x64.Build.0 = Debug|Any CPU
		{CAEC8FAE-8C70-4FD0-A78C-0322722AF6A5}.Debug|x86.ActiveCfg = Debug|Any CPU
		{CAEC8FAE-8C70-4FD0-A78C-0322722AF6A5}.Debug|x86.Build.0 = Debug|Any CPU
		{CAEC8FAE-8C70-4FD0-A78C-0322722AF6A5}.Release|Any CPU.ActiveCfg = Release|Any CPU
		{CAEC8FAE-8C70-4FD0-A78C-0322722AF6A5}.Release|Any CPU.Build.0 = Release|Any CPU
		{CAEC8FAE-8C70-4FD0-A78C-0322722AF6A5}.Release|x64.ActiveCfg = Release|Any CPU
		{CAEC8FAE-8C70-4FD0-A78C-0322722AF6A5}.Release|x64.Build.0 = Release|Any CPU
		{CAEC8FAE-8C70-4FD0-A78C-0322722AF6A5}.Release|x86.ActiveCfg = Release|Any CPU
		{CAEC8FAE-8C70-4FD0-A78C-0322722AF6A5}.Release|x86.Build.0 = Release|Any CPU
		{803E6621-3A73-4C32-B3B2-31E4AF4281B4}.Debug|Any CPU.ActiveCfg = Debug|Any CPU
		{803E6621-3A73-4C32-B3B2-31E4AF4281B4}.Debug|Any CPU.Build.0 = Debug|Any CPU
		{803E6621-3A73-4C32-B3B2-31E4AF4281B4}.Debug|x64.ActiveCfg = Debug|Any CPU
		{803E6621-3A73-4C32-B3B2-31E4AF4281B4}.Debug|x64.Build.0 = Debug|Any CPU
		{803E6621-3A73-4C32-B3B2-31E4AF4281B4}.Debug|x86.ActiveCfg = Debug|Any CPU
		{803E6621-3A73-4C32-B3B2-31E4AF4281B4}.Debug|x86.Build.0 = Debug|Any CPU
		{803E6621-3A73-4C32-B3B2-31E4AF4281B4}.Release|Any CPU.ActiveCfg = Release|Any CPU
		{803E6621-3A73-4C32-B3B2-31E4AF4281B4}.Release|Any CPU.Build.0 = Release|Any CPU
		{803E6621-3A73-4C32-B3B2-31E4AF4281B4}.Release|x64.ActiveCfg = Release|Any CPU
		{803E6621-3A73-4C32-B3B2-31E4AF4281B4}.Release|x64.Build.0 = Release|Any CPU
		{803E6621-3A73-4C32-B3B2-31E4AF4281B4}.Release|x86.ActiveCfg = Release|Any CPU
		{803E6621-3A73-4C32-B3B2-31E4AF4281B4}.Release|x86.Build.0 = Release|Any CPU
		{67A91B54-5B83-415F-AD7A-491106ECE3E2}.Debug|Any CPU.ActiveCfg = Debug|Any CPU
		{67A91B54-5B83-415F-AD7A-491106ECE3E2}.Debug|Any CPU.Build.0 = Debug|Any CPU
		{67A91B54-5B83-415F-AD7A-491106ECE3E2}.Debug|x64.ActiveCfg = Debug|Any CPU
		{67A91B54-5B83-415F-AD7A-491106ECE3E2}.Debug|x64.Build.0 = Debug|Any CPU
		{67A91B54-5B83-415F-AD7A-491106ECE3E2}.Debug|x86.ActiveCfg = Debug|Any CPU
		{67A91B54-5B83-415F-AD7A-491106ECE3E2}.Debug|x86.Build.0 = Debug|Any CPU
		{67A91B54-5B83-415F-AD7A-491106ECE3E2}.Release|Any CPU.ActiveCfg = Release|Any CPU
		{67A91B54-5B83-415F-AD7A-491106ECE3E2}.Release|Any CPU.Build.0 = Release|Any CPU
		{67A91B54-5B83-415F-AD7A-491106ECE3E2}.Release|x64.ActiveCfg = Release|Any CPU
		{67A91B54-5B83-415F-AD7A-491106ECE3E2}.Release|x64.Build.0 = Release|Any CPU
		{67A91B54-5B83-415F-AD7A-491106ECE3E2}.Release|x86.ActiveCfg = Release|Any CPU
		{67A91B54-5B83-415F-AD7A-491106ECE3E2}.Release|x86.Build.0 = Release|Any CPU
	EndGlobalSection
	GlobalSection(SolutionProperties) = preSolution
		HideSolutionNode = FALSE
	EndGlobalSection
	GlobalSection(NestedProjects) = preSolution
		{6BB5614F-2CF7-442A-9DCB-B8AC5F7E5EDA} = {7D498930-83F4-446A-BD11-A1AD76A9DC0B}
		{11CE1963-E6BF-4B7B-93D9-AE2F094D6A2A} = {616B268C-65F7-477E-95B6-BF7666B9A265}
		{CAEDF9F4-43D5-407F-A578-1735EBBE6382} = {616B268C-65F7-477E-95B6-BF7666B9A265}
		{58ABAF96-1545-4244-9F8A-C3C613C5B57B} = {7D498930-83F4-446A-BD11-A1AD76A9DC0B}
		{918AD197-307F-4B4F-B617-7B42BF204984} = {3A827E4F-F41E-4195-898D-311DEC4B340D}
		{5E8B0EB6-3010-45F3-9A62-C33FDA2EBEAE} = {3A827E4F-F41E-4195-898D-311DEC4B340D}
		{7D498930-83F4-446A-BD11-A1AD76A9DC0B} = {616B268C-65F7-477E-95B6-BF7666B9A265}
		{561987CA-6879-43AE-B27B-4F65362AD728} = {7D498930-83F4-446A-BD11-A1AD76A9DC0B}
		{3A827E4F-F41E-4195-898D-311DEC4B340D} = {E2437D4E-774D-4B02-AA29-5C5043486E92}
		{A7621699-F2E0-10B2-2B02-C606302B45B9} = {616B268C-65F7-477E-95B6-BF7666B9A265}
		{CAEC8FAE-8C70-4FD0-A78C-0322722AF6A5} = {A7621699-F2E0-10B2-2B02-C606302B45B9}
		{803E6621-3A73-4C32-B3B2-31E4AF4281B4} = {A7621699-F2E0-10B2-2B02-C606302B45B9}
		{67A91B54-5B83-415F-AD7A-491106ECE3E2} = {A7621699-F2E0-10B2-2B02-C606302B45B9}
	EndGlobalSection
	GlobalSection(ExtensibilityGlobals) = postSolution
		SolutionGuid = {EFD53757-D2E3-4EC5-86B0-2375E61D2DEE}
	EndGlobalSection
EndGlobal
